# THIS IS AN AUTOGENERATED FILE. DO NOT EDIT THIS FILE DIRECTLY.
# yarn lockfile v1


ace-builds@^1.2.5:
  version "1.2.5"
  resolved "https://registry.yarnpkg.com/ace-builds/-/ace-builds-1.2.5.tgz#41c5360cdee6c43e73735d3e3558121f9fea37a9"

almond@~0.3.1:
  version "0.3.3"
  resolved "https://registry.yarnpkg.com/almond/-/almond-0.3.3.tgz#a0e7c95ac7624d6417b4494b1e68bff693168a20"

animate.css@^3.5.2:
  version "3.5.2"
  resolved "https://registry.yarnpkg.com/animate.css/-/animate.css-3.5.2.tgz#91e668dc069a808e5e499514867b97aae0166c36"

bootstrap-switch@^3.3.2:
  version "3.3.2"
  resolved "https://registry.yarnpkg.com/bootstrap-switch/-/bootstrap-switch-3.3.2.tgz#79ddb49fadc308fb731e257f95957af48996eea7"
  dependencies:
    jquery ">=1.9.0"

bootstrap@^3.3.7:
  version "3.3.7"
  resolved "https://registry.yarnpkg.com/bootstrap/-/bootstrap-3.3.7.tgz#5a389394549f23330875a3b150656574f8a9eb71"

chart.js@^2.4.0:
  version "2.4.0"
  resolved "https://registry.yarnpkg.com/chart.js/-/chart.js-2.4.0.tgz#44198073f0f43e5e16662e108420d92652a3c9a3"
  dependencies:
    chartjs-color "^2.0.0"
    moment "^2.10.6"

chartjs-color-string@^0.4.0:
  version "0.4.0"
  resolved "https://registry.yarnpkg.com/chartjs-color-string/-/chartjs-color-string-0.4.0.tgz#57748d4530ae28d8db0a5492182ba06dfdf2f468"
  dependencies:
    color-name "^1.0.0"

chartjs-color@^2.0.0:
  version "2.0.0"
  resolved "https://registry.yarnpkg.com/chartjs-color/-/chartjs-color-2.0.0.tgz#7f60c7256589b24914814ece757659117381e35b"
  dependencies:
    chartjs-color-string "^0.4.0"
    color-convert "^0.5.3"

color-convert@^0.5.3:
  version "0.5.3"
  resolved "https://registry.yarnpkg.com/color-convert/-/color-convert-0.5.3.tgz#bdb6c69ce660fadffe0b0007cc447e1b9f7282bd"

color-name@^1.0.0:
  version "1.1.1"
  resolved "https://registry.yarnpkg.com/color-name/-/color-name-1.1.1.tgz#4b1415304cf50028ea81643643bd82ea05803689"

datatables-bootstrap@^0.0.1:
  version "0.0.1"
  resolved "https://registry.yarnpkg.com/datatables-bootstrap/-/datatables-bootstrap-0.0.1.tgz#31f1691623bbed87feb72c83682d1e75ca3fc6f9"
  dependencies:
    datatables ">=1.10.0"
    jquery ">=1.7.0"

datatables@>=1.10.0, datatables@^1.10.13:
  version "1.10.13"
  resolved "https://registry.yarnpkg.com/datatables/-/datatables-1.10.13.tgz#9bb2dec6f7dcf02049a00e4f0e7d3fe009c39346"
  dependencies:
    jquery ">=1.7"

font-awesome@^4.7.0:
  version "4.7.0"
  resolved "https://registry.yarnpkg.com/font-awesome/-/font-awesome-4.7.0.tgz#8fa8cf0411a1a31afd07b06d2902bb9fc815a133"

jquery-match-height@^0.7.0:
  version "0.7.0"
  resolved "https://registry.yarnpkg.com/jquery-match-height/-/jquery-match-height-0.7.0.tgz#351e51f161ccef7de08ae64ada8c8dc5c1890cca"

jquery-mousewheel@~3.1.13:
  version "3.1.13"
  resolved "https://registry.yarnpkg.com/jquery-mousewheel/-/jquery-mousewheel-3.1.13.tgz#06f0335f16e353a695e7206bf50503cb523a6ee5"

jquery-ujs@^1.2.2:
  version "1.2.2"
  resolved "https://registry.yarnpkg.com/jquery-ujs/-/jquery-ujs-1.2.2.tgz#6a8ef1020e6b6dda385b90a4bddc128c21c56397"
  dependencies:
    jquery ">=1.8.0"

jquery@>=1.7, jquery@>=1.7.0, jquery@>=1.8.0, jquery@>=1.9.0, jquery@^3.1.1:
  version "3.1.1"
  resolved "https://registry.yarnpkg.com/jquery/-/jquery-3.1.1.tgz#347c1c21c7e004115e0a4da32cece041fad3c8a3"

moment@^2.10.6:
  version "2.17.1"
  resolved "https://registry.yarnpkg.com/moment/-/moment-2.17.1.tgz#fed9506063f36b10f066c8b59a144d7faebe1d82"

select2@^4.0.3:
  version "4.0.3"
  resolved "https://registry.yarnpkg.com/select2/-/select2-4.0.3.tgz#207733fe91eacb9cb1a13f12463401f472449e0f"
  dependencies:
    almond "~0.3.1"
    jquery-mousewheel "~3.1.13"
